
Microsoft Visual Studio Solution File, Format Version 12.00
# Visual Studio Version 17
VisualStudioVersion = 17.9.34728.123
MinimumVisualStudioVersion = 10.0.40219.1
Project("{FAE04EC0-301F-11D3-BF4B-00C04F79EFBC}") = "ValconLibrary", "ValconLibrary\ValconLibrary.csproj", "{CE1FF53B-937B-4F03-9E98-AAD723D8408E}"
EndProject
Global
	GlobalSection(SolutionConfigurationPlatforms) = preSolution
		Debug|Any CPU = Debug|Any CPU
		Release|Any CPU = Release|Any CPU
	EndGlobalSection
	GlobalSection(ProjectConfigurationPlatforms) = postSolution
		{CE1FF53B-937B-4F03-9E98-AAD723D8408E}.Debug|Any CPU.ActiveCfg = Debug|Any CPU
		{CE1FF53B-937B-4F03-9E98-AAD723D8408E}.Debug|Any CPU.Build.0 = Debug|Any CPU
		{CE1FF53B-937B-4F03-9E98-AAD723D8408E}.Release|Any CPU.ActiveCfg = Release|Any CPU
		{CE1FF53B-937B-4F03-9E98-AAD723D8408E}.Release|Any CPU.Build.0 = Release|Any CPU
	EndGlobalSection
	GlobalSection(SolutionProperties) = preSolution
		HideSolutionNode = FALSE
	EndGlobalSection
	GlobalSection(ExtensibilityGlobals) = postSolution
		SolutionGuid = {850C0C41-E7A2-4445-AA0F-2BCA634647FC}
	EndGlobalSection
EndGlobal
